// !$*UTF8*$!
{
	archiveVersion = 1;
	classes = {
	};
	objectVersion = 50;
	objects = {

/* Begin PBXBuildFile section */
		EEA110DD23F453D800D9EAFE /* AppDelegate.swift in Sources */ = {isa = PBXBuildFile; fileRef = EEA110DC23F453D800D9EAFE /* AppDelegate.swift */; };
		EEA110DF23F453D800D9EAFE /* SceneDelegate.swift in Sources */ = {isa = PBXBuildFile; fileRef = EEA110DE23F453D800D9EAFE /* SceneDelegate.swift */; };
		EEA110E123F453D800D9EAFE /* ViewController.swift in Sources */ = {isa = PBXBuildFile; fileRef = EEA110E023F453D800D9EAFE /* ViewController.swift */; };
		EEA110E423F453D800D9EAFE /* Main.storyboard in Resources */ = {isa = PBXBuildFile; fileRef = EEA110E223F453D800D9EAFE /* Main.storyboard */; };
		EEA110E623F453DF00D9EAFE /* Assets.xcassets in Resources */ = {isa = PBXBuildFile; fileRef = EEA110E523F453DF00D9EAFE /* Assets.xcassets */; };
		EEA110E923F453DF00D9EAFE /* LaunchScreen.storyboard in Resources */ = {isa = PBXBuildFile; fileRef = EEA110E723F453DF00D9EAFE /* LaunchScreen.storyboard */; };
		EEA110F123F4584100D9EAFE /* Categories.swift in Sources */ = {isa = PBXBuildFile; fileRef = EEA110F023F4584100D9EAFE /* Categories.swift */; };
/* End PBXBuildFile section */

/* Begin PBXFileReference section */
		EEA110D923F453D800D9EAFE /* imageData.app */ = {isa = PBXFileReference; explicitFileType = wrapper.application; includeInIndex = 0; path = imageData.app; sourceTree = BUILT_PRODUCTS_DIR; };
		EEA110DC23F453D800D9EAFE /* AppDelegate.swift */ = {isa = PBXFileReference; lastKnownFileType = sourcecode.swift; path = AppDelegate.swift; sourceTree = "<group>"; };
		EEA110DE23F453D800D9EAFE /* SceneDelegate.swift */ = {isa = PBXFileReference; lastKnownFileType = sourcecode.swift; path = SceneDelegate.swift; sourceTree = "<group>"; };
		EEA110E023F453D800D9EAFE /* ViewController.swift */ = {isa = PBXFileReference; lastKnownFileType = sourcecode.swift; path = ViewController.swift; sourceTree = "<group>"; };
		EEA110E323F453D800D9EAFE /* Base */ = {isa = PBXFileReference; lastKnownFileType = file.storyboard; name = Base; path = Base.lproj/Main.storyboard; sourceTree = "<group>"; };
		EEA110E523F453DF00D9EAFE /* Assets.xcassets */ = {isa = PBXFileReference; lastKnownFileType = folder.assetcatalog; path = Assets.xcassets; sourceTree = "<group>"; };
		EEA110E823F453DF00D9EAFE /* Base */ = {isa = PBXFileReference; lastKnownFileType = file.storyboard; name = Base; path = Base.lproj/LaunchScreen.storyboard; sourceTree = "<group>"; };
		EEA110EA23F453DF00D9EAFE /* Info.plist */ = {isa = PBXFileReference; lastKnownFileType = text.plist.xml; path = Info.plist; sourceTree = "<group>"; };
		EEA110F023F4584100D9EAFE /* Categories.swift */ = {isa = PBXFileReference; lastKnownFileType = sourcecode.swift; path = Categories.swift; sourceTree = "<group>"; };
/* End PBXFileReference section */

/* Begin PBXFrameworksBuildPhase section */
		EEA110D623F453D800D9EAFE /* Frameworks */ = {
			isa = PBXFrameworksBuildPhase;
			buildActionMask = 2147483647;
			files = (
			);
			runOnlyForDeploymentPostprocessing = 0;
		};
/* End PBXFrameworksBuildPhase section */

/* Begin PBXGroup section */
		EEA110D023F453D800D9EAFE = {
			isa = PBXGroup;
			children = (
				EEA110F023F4584100D9EAFE /* Categories.swift */,
				EEA110DB23F453D800D9EAFE /* imageData */,
				EEA110DA23F453D800D9EAFE /* Products */,
			);
			sourceTree = "<group>";
		};
		EEA110DA23F453D800D9EAFE /* Products */ = {
			isa = PBXGroup;
			children = (
				EEA110D923F453D800D9EAFE /* imageData.app */,
			);
			name = Products;
			sourceTree = "<group>";
		};
		EEA110DB23F453D800D9EAFE /* imageData */ = {
			isa = PBXGroup;
			children = (
				EEA110DC23F453D800D9EAFE /* AppDelegate.swift */,
				EEA110DE23F453D800D9EAFE /* SceneDelegate.swift */,
				EEA110E023F453D800D9EAFE /* ViewController.swift */,
				EEA110E223F453D800D9EAFE /* Main.storyboard */,
				EEA110E523F453DF00D9EAFE /* Assets.xcassets */,
				EEA110E723F453DF00D9EAFE /* LaunchScreen.storyboard */,
				EEA110EA23F453DF00D9EAFE /* Info.plist */,
			);
			path = imageData;
			sourceTree = "<group>";
		};
/* End PBXGroup section */

/* Begin PBXNativeTarget section */
		EEA110D823F453D800D9EAFE /* imageData */ = {
			isa = PBXNativeTarget;
			buildConfigurationList = EEA110ED23F453DF00D9EAFE /* Build configuration list for PBXNativeTarget "imageData" */;
			buildPhases = (
				EEA110D523F453D800D9EAFE /* Sources */,
				EEA110D623F453D800D9EAFE /* Frameworks */,
				EEA110D723F453D800D9EAFE /* Resources */,
			);
			buildRules = (
			);
			dependencies = (
			);
			name = imageData;
			productName = imageData;
			productReference = EEA110D923F453D800D9EAFE /* imageData.app */;
			productType = "com.apple.product-type.application";
		};
/* End PBXNativeTarget section */

/* Begin PBXProject section */
		EEA110D123F453D800D9EAFE /* Project object */ = {
			isa = PBXProject;
			attributes = {
				LastSwiftUpdateCheck = 1130;
				LastUpgradeCheck = 1130;
				ORGANIZATIONNAME = "JOEL CRAWFORD";
				TargetAttributes = {
					EEA110D823F453D800D9EAFE = {
						CreatedOnToolsVersion = 11.3.1;
					};
				};
			};
			buildConfigurationList = EEA110D423F453D800D9EAFE /* Build configuration list for PBXProject "imageData" */;
			compatibilityVersion = "Xcode 9.3";
			developmentRegion = en;
			hasScannedForEncodings = 0;
			knownRegions = (
				en,
				Base,
			);
			mainGroup = EEA110D023F453D800D9EAFE;
			productRefGroup = EEA110DA23F453D800D9EAFE /* Products */;
			projectDirPath = "";
			projectRoot = "";
			targets = (
				EEA110D823F453D800D9EAFE /* imageData */,
			);
		};
/* End PBXProject section */

/* Begin PBXResourcesBuildPhase section */
		EEA110D723F453D800D9EAFE /* Resources */ = {
			isa = PBXResourcesBuildPhase;
			buildActionMask = 2147483647;
			files = (
				EEA110E923F453DF00D9EAFE /* LaunchScreen.storyboard in Resources */,
				EEA110E623F453DF00D9EAFE /* Assets.xcassets in Resources */,
				EEA110E423F453D800D9EAFE /* Main.storyboard in Resources */,
			);
			runOnlyForDeploymentPostprocessing = 0;
		};
/* End PBXResourcesBuildPhase section */

/* Begin PBXSourcesBuildPhase section */
		EEA110D523F453D800D9EAFE /* Sources */ = {
			isa = PBXSourcesBuildPhase;
			buildActionMask = 2147483647;
			files = (
				EEA110E123F453D800D9EAFE /* ViewController.swift in Sources */,
				EEA110F123F4584100D9EAFE /* Categories.swift in Sources */,
				EEA110DD23F453D800D9EAFE /* AppDelegate.swift in Sources */,
				EEA110DF23F453D800D9EAFE /* SceneDelegate.swift in Sources */,
			);
			runOnlyForDeploymentPostprocessing = 0;
		};
/* End PBXSourcesBuildPhase section */

/* Begin PBXVariantGroup section */
		EEA110E223F453D800D9EAFE /* Main.storyboard */ = {
			isa = PBXVariantGroup;
			children = (
				EEA110E323F453D800D9EAFE /* Base */,
			);
			name = Main.storyboard;
			sourceTree = "<group>";
		};
		EEA110E723F453DF00D9EAFE /* LaunchScreen.storyboard */ = {
			isa = PBXVariantGroup;
			children = (
				EEA110E823F453DF00D9EAFE /* Base */,
			);
			name = LaunchScreen.storyboard;
			sourceTree = "<group>";
		};
/* End PBXVariantGroup section */

/* Begin XCBuildConfiguration section */
		EEA110EB23F453DF00D9EAFE /* Debug */ = {
			isa = XCBuildConfiguration;
			buildSettings = {
				ALWAYS_SEARCH_USER_PATHS = NO;
				CLANG_ANALYZER_NONNULL = YES;
				CLANG_ANALYZER_NUMBER_OBJECT_CONVERSION = YES_AGGRESSIVE;
				CLANG_CXX_LANGUAGE_STANDARD = "gnu++14";
				CLANG_CXX_LIBRARY = "libc++";
				CLANG_ENABLE_MODULES = YES;
				CLANG_ENABLE_OBJC_ARC = YES;
				CLANG_ENABLE_OBJC_WEAK = YES;
				CLANG_WARN_BLOCK_CAPTURE_AUTORELEASING = YES;
				CLANG_WARN_BOOL_CONVERSION = YES;
				CLANG_WARN_COMMA = YES;
				CLANG_WARN_CONSTANT_CONVERSION = YES;
				CLANG_WARN_DEPRECATED_OBJC_IMPLEMENTATIONS = YES;
				CLANG_WARN_DIRECT_OBJC_ISA_USAGE = YES_ERROR;
				CLANG_WARN_DOCUMENTATION_COMMENTS = YES;
				CLANG_WARN_EMPTY_BODY = YES;
				CLANG_WARN_ENUM_CONVERSION = YES;
				CLANG_WARN_INFINITE_RECURSION = YES;
				CLANG_WARN_INT_CONVERSION = YES;
				CLANG_WARN_NON_LITERAL_NULL_CONVERSION = YES;
				CLANG_WARN_OBJC_IMPLICIT_RETAIN_SELF = YES;
				CLANG_WARN_OBJC_LITERAL_CONVERSION = YES;
				CLANG_WARN_OBJC_ROOT_CLASS = YES_ERROR;
				CLANG_WARN_RANGE_LOOP_ANALYSIS = YES;
				CLANG_WARN_STRICT_PROTOTYPES = YES;
				CLANG_WARN_SUSPICIOUS_MOVE = YES;
				CLANG_WARN_UNGUARDED_AVAILABILITY = YES_AGGRESSIVE;
				CLANG_WARN_UNREACHABLE_CODE = YES;
				CLANG_WARN__DUPLICATE_METHOD_MATCH = YES;
				COPY_PHASE_STRIP = NO;
				DEBUG_INFORMATION_FORMAT = dwarf;
				ENABLE_STRICT_OBJC_MSGSEND = YES;
				ENABLE_TESTABILITY = YES;
				GCC_C_LANGUAGE_STANDARD = gnu11;
				GCC_DYNAMIC_NO_PIC = NO;
				GCC_NO_COMMON_BLOCKS = YES;
				GCC_OPTIMIZATION_LEVEL = 0;
				GCC_PREPROCESSOR_DEFINITIONS = (
					"DEBUG=1",
					"$(inherited)",
				);
				GCC_WARN_64_TO_32_BIT_CONVERSION = YES;
				GCC_WARN_ABOUT_RETURN_TYPE = YES_ERROR;
				GCC_WARN_UNDECLARED_SELECTOR = YES;
				GCC_WARN_UNINITIALIZED_AUTOS = YES_AGGRESSIVE;
				GCC_WARN_UNUSED_FUNCTION = YES;
				GCC_WARN_UNUSED_VARIABLE = YES;
				IPHONEOS_DEPLOYMENT_TARGET = 13.2;
				MTL_ENABLE_DEBUG_INFO = INCLUDE_SOURCE;
				MTL_FAST_MATH = YES;
				ONLY_ACTIVE_ARCH = YES;
				SDKROOT = iphoneos;
				SWIFT_ACTIVE_COMPILATION_CONDITIONS = DEBUG;
				SWIFT_OPTIMIZATION_LEVEL = "-Onone";
			};
			name = Debug;
		};
		EEA110EC23F453DF00D9EAFE /* Release */ = {
			isa = XCBuildConfiguration;
			buildSettings = {
				ALWAYS_SEARCH_USER_PATHS = NO;
				CLANG_ANALYZER_NONNULL = YES;
				CLANG_ANALYZER_NUMBER_OBJECT_CONVERSION = YES_AGGRESSIVE;
				CLANG_CXX_LANGUAGE_STANDARD = "gnu++14";
				CLANG_CXX_LIBRARY = "libc++";
				CLANG_ENABLE_MODULES = YES;
				CLANG_ENABLE_OBJC_ARC = YES;
				CLANG_ENABLE_OBJC_WEAK = YES;
				CLANG_WARN_BLOCK_CAPTURE_AUTORELEASING = YES;
				CLANG_WARN_BOOL_CONVERSION = YES;
				CLANG_WARN_COMMA = YES;
				CLANG_WARN_CONSTANT_CONVERSION = YES;
				CLANG_WARN_DEPRECATED_OBJC_IMPLEMENTATIONS = YES;
				CLANG_WARN_DIRECT_OBJC_ISA_USAGE = YES_ERROR;
				CLANG_WARN_DOCUMENTATION_COMMENTS = YES;
				CLANG_WARN_EMPTY_BODY = YES;
				CLANG_WARN_ENUM_CONVERSION = YES;
				CLANG_WARN_INFINITE_RECURSION = YES;
				CLANG_WARN_INT_CONVERSION = YES;
				CLANG_WARN_NON_LITERAL_NULL_CONVERSION = YES;
				CLANG_WARN_OBJC_IMPLICIT_RETAIN_SELF = YES;
				CLANG_WARN_OBJC_LITERAL_CONVERSION = YES;
				CLANG_WARN_OBJC_ROOT_CLASS = YES_ERROR;
				CLANG_WARN_RANGE_LOOP_ANALYSIS = YES;
				CLANG_WARN_STRICT_PROTOTYPES = YES;
				CLANG_WARN_SUSPICIOUS_MOVE = YES;
				CLANG_WARN_UNGUARDED_AVAILABILITY = YES_AGGRESSIVE;
				CLANG_WARN_UNREACHABLE_CODE = YES;
				CLANG_WARN__DUPLICATE_METHOD_MATCH = YES;
				COPY_PHASE_STRIP = NO;
				DEBUG_INFORMATION_FORMAT = "dwarf-with-dsym";
				ENABLE_NS_ASSERTIONS = NO;
				ENABLE_STRICT_OBJC_MSGSEND = YES;
				GCC_C_LANGUAGE_STANDARD = gnu11;
				GCC_NO_COMMON_BLOCKS = YES;
				GCC_WARN_64_TO_32_BIT_CONVERSION = YES;
				GCC_WARN_ABOUT_RETURN_TYPE = YES_ERROR;
				GCC_WARN_UNDECLARED_SELECTOR = YES;
				GCC_WARN_UNINITIALIZED_AUTOS = YES_AGGRESSIVE;
				GCC_WARN_UNUSED_FUNCTION = YES;
				GCC_WARN_UNUSED_VARIABLE = YES;
				IPHONEOS_DEPLOYMENT_TARGET = 13.2;
				MTL_ENABLE_DEBUG_INFO = NO;
				MTL_FAST_MATH = YES;
				SDKROOT = iphoneos;
				SWIFT_COMPILATION_MODE = wholemodule;
				SWIFT_OPTIMIZATION_LEVEL = "-O";
				VALIDATE_PRODUCT = YES;
			};
			name = Release;
		};
		EEA110EE23F453DF00D9EAFE /* Debug */ = {
			isa = XCBuildConfiguration;
			buildSettings = {
				ASSETCATALOG_COMPILER_APPICON_NAME = AppIcon;
				CODE_SIGN_STYLE = Automatic;
				INFOPLIST_FILE = imageData/Info.plist;
				LD_RUNPATH_SEARCH_PATHS = (
					"$(inherited)",
					"@executable_path/Frameworks",
				);
				PRODUCT_BUNDLE_IDENTIFIER = RTS.imageData;
				PRODUCT_NAME = "$(TARGET_NAME)";
				SWIFT_VERSION = 5.0;
				TARGETED_DEVICE_FAMILY = "1,2";
			};
			name = Debug;
		};
		EEA110EF23F453DF00D9EAFE /* Release */ = {
			isa = XCBuildConfiguration;
			buildSettings = {
				ASSETCATALOG_COMPILER_APPICON_NAME = AppIcon;
				CODE_SIGN_STYLE = Automatic;
				INFOPLIST_FILE = imageData/Info.plist;
				LD_RUNPATH_SEARCH_PATHS = (
					"$(inherited)",
					"@executable_path/Frameworks",
				);
				PRODUCT_BUNDLE_IDENTIFIER = RTS.imageData;
				PRODUCT_NAME = "$(TARGET_NAME)";
				SWIFT_VERSION = 5.0;
				TARGETED_DEVICE_FAMILY = "1,2";
			};
			name = Release;
		};
/* End XCBuildConfiguration section */

/* Begin XCConfigurationList section */
		EEA110D423F453D800D9EAFE /* Build configuration list for PBXProject "imageData" */ = {
			isa = XCConfigurationList;
			buildConfigurations = (
				EEA110EB23F453DF00D9EAFE /* Debug */,
				EEA110EC23F453DF00D9EAFE /* Release */,
			);
			defaultConfigurationIsVisible = 0;
			defaultConfigurationName = Release;
		};
		EEA110ED23F453DF00D9EAFE /* Build configuration list for PBXNativeTarget "imageData" */ = {
			isa = XCConfigurationList;
			buildConfigurations = (
				EEA110EE23F453DF00D9EAFE /* Debug */,
				EEA110EF23F453DF00D9EAFE /* Release */,
			);
			defaultConfigurationIsVisible = 0;
			defaultConfigurationName = Release;
		};
/* End XCConfigurationList section */
	};
	rootObject = EEA110D123F453D800D9EAFE /* Project object */;
}
